
Microsoft Visual Studio Solution File, Format Version 12.00
# Visual Studio 15
VisualStudioVersion = 15.0.28307.572
MinimumVisualStudioVersion = 10.0.40219.1
Project("{FAE04EC0-301F-11D3-BF4B-00C04F79EFBC}") = "Qc.BaiduOcrSdk", "Qc.BaiduOcrSdk\Qc.BaiduOcrSdk.csproj", "{C86F4687-0ABE-41C2-A83F-F9B866F00655}"
EndProject
Project("{FAE04EC0-301F-11D3-BF4B-00C04F79EFBC}") = "Qc.BaiduSdk.Sample", "Qc.BaiduSdk.Sample\Qc.BaiduSdk.Sample.csproj", "{6E3293F0-5770-4CB5-8F95-2553268BAB8A}"
EndProject
Global
	GlobalSection(SolutionConfigurationPlatforms) = preSolution
		Debug|Any CPU = Debug|Any CPU
		Release|Any CPU = Release|Any CPU
	EndGlobalSection
	GlobalSection(ProjectConfigurationPlatforms) = postSolution
		{C86F4687-0ABE-41C2-A83F-F9B866F00655}.Debug|Any CPU.ActiveCfg = Debug|Any CPU
		{C86F4687-0ABE-41C2-A83F-F9B866F00655}.Debug|Any CPU.Build.0 = Debug|Any CPU
		{C86F4687-0ABE-41C2-A83F-F9B866F00655}.Release|Any CPU.ActiveCfg = Release|Any CPU
		{C86F4687-0ABE-41C2-A83F-F9B866F00655}.Release|Any CPU.Build.0 = Release|Any CPU
		{6E3293F0-5770-4CB5-8F95-2553268BAB8A}.Debug|Any CPU.ActiveCfg = Debug|Any CPU
		{6E3293F0-5770-4CB5-8F95-2553268BAB8A}.Debug|Any CPU.Build.0 = Debug|Any CPU
		{6E3293F0-5770-4CB5-8F95-2553268BAB8A}.Release|Any CPU.ActiveCfg = Release|Any CPU
		{6E3293F0-5770-4CB5-8F95-2553268BAB8A}.Release|Any CPU.Build.0 = Release|Any CPU
	EndGlobalSection
	GlobalSection(SolutionProperties) = preSolution
		HideSolutionNode = FALSE
	EndGlobalSection
	GlobalSection(ExtensibilityGlobals) = postSolution
		SolutionGuid = {A17DC48A-E0F2-4DB3-8839-42D71FA26A49}
	EndGlobalSection
EndGlobal
